
Microsoft Visual Studio Solution File, Format Version 12.00
# Visual Studio 15
VisualStudioVersion = 15.0.27703.1
MinimumVisualStudioVersion = 10.0.40219.1
Project("{8BC9CEB8-8B4A-11D0-8D11-00A0C91BC942}") = "stringSearchProgramme_usingConceptOfSet", "stringSearchProgramme_usingConceptOfSet\stringSearchProgramme_usingConceptOfSet.vcxproj", "{5A097EB8-3600-4C2C-9EF6-0E0ED387F3C6}"
EndProject
Global
	GlobalSection(SolutionConfigurationPlatforms) = preSolution
		Debug|x64 = Debug|x64
		Debug|x86 = Debug|x86
		Release|x64 = Release|x64
		Release|x86 = Release|x86
	EndGlobalSection
	GlobalSection(ProjectConfigurationPlatforms) = postSolution
		{5A097EB8-3600-4C2C-9EF6-0E0ED387F3C6}.Debug|x64.ActiveCfg = Debug|x64
		{5A097EB8-3600-4C2C-9EF6-0E0ED387F3C6}.Debug|x64.Build.0 = Debug|x64
		{5A097EB8-3600-4C2C-9EF6-0E0ED387F3C6}.Debug|x86.ActiveCfg = Debug|Win32
		{5A097EB8-3600-4C2C-9EF6-0E0ED387F3C6}.Debug|x86.Build.0 = Debug|Win32
		{5A097EB8-3600-4C2C-9EF6-0E0ED387F3C6}.Release|x64.ActiveCfg = Release|x64
		{5A097EB8-3600-4C2C-9EF6-0E0ED387F3C6}.Release|x64.Build.0 = Release|x64
		{5A097EB8-3600-4C2C-9EF6-0E0ED387F3C6}.Release|x86.ActiveCfg = Release|Win32
		{5A097EB8-3600-4C2C-9EF6-0E0ED387F3C6}.Release|x86.Build.0 = Release|Win32
	EndGlobalSection
	GlobalSection(SolutionProperties) = preSolution
		HideSolutionNode = FALSE
	EndGlobalSection
	GlobalSection(ExtensibilityGlobals) = postSolution
		SolutionGuid = {8B21B5EA-ACFD-4075-A195-83A85625467C}
	EndGlobalSection
EndGlobal
